
Microsoft Visual Studio Solution File, Format Version 10.00
# Visual Studio 2008
Project("{2150E333-8FDC-42A3-9474-1A3956D46DE8}") = "Solution Items", "Solution Items", "{2CBE5612-FFE6-4FE9-90C4-3073BE0EE002}"
	ProjectSection(SolutionItems) = preProject
		Inc\aplib.h = Inc\aplib.h
		Inc\bklib.h = Inc\bklib.h
		Inc\dbg.h = Inc\dbg.h
		Inc\debug.h = Inc\debug.h
		Inc\iphdr.h = Inc\iphdr.h
		Inc\joiner.h = Inc\joiner.h
		Inc\kdbg.h = Inc\kdbg.h
		Inc\kipapi.h = Inc\kipapi.h
		Inc\kipioctl.h = Inc\kipioctl.h
		Inc\listsup.h = Inc\listsup.h
		Inc\macros.h = Inc\macros.h
		Inc\main.h = Inc\main.h
		Inc\ntddkex.h = Inc\ntddkex.h
		Inc\ntdll.h = Inc\ntdll.h
		Inc\rtl.h = Inc\rtl.h
		Inc\util.h = Inc\util.h
		Inc\version.h = Inc\version.h
	EndProjectSection
EndProject
Project("{8BC9CEB8-8B4A-11D0-8D11-00A0C91BC942}") = "BKGen", "BKGen\BKGen.vcproj", "{6497A667-BADC-47C7-8DD7-3D037BB83256}"
EndProject
Project("{8BC9CEB8-8B4A-11D0-8D11-00A0C91BC942}") = "BKLib", "BKLib\BKLib.vcproj", "{8C4993F4-F52D-4FC8-A8E4-913A3049CCA0}"
EndProject
Project("{8BC9CEB8-8B4A-11D0-8D11-00A0C91BC942}") = "FJ", "FJ\FJ.vcproj", "{95DA6D8E-9964-4A17-B0DF-F3CC93C5B3DA}"
EndProject
Project("{8BC9CEB8-8B4A-11D0-8D11-00A0C91BC942}") = "KLoader", "KLoader\kloader.vcproj", "{35886AC3-4E3A-40EF-83CD-AA9F00A09618}"
	ProjectSection(ProjectDependencies) = postProject
		{F951E47A-8286-4405-8D7F-1A183B664FE8} = {F951E47A-8286-4405-8D7F-1A183B664FE8}
		{97ECD718-2AE1-4FEB-B04E-A8F01F44C5C8} = {97ECD718-2AE1-4FEB-B04E-A8F01F44C5C8}
		{95DA6D8E-9964-4A17-B0DF-F3CC93C5B3DA} = {95DA6D8E-9964-4A17-B0DF-F3CC93C5B3DA}
		{8C4993F4-F52D-4FC8-A8E4-913A3049CCA0} = {8C4993F4-F52D-4FC8-A8E4-913A3049CCA0}
		{E0964044-6CC4-456C-894D-5BBB09B4CD0E} = {E0964044-6CC4-456C-894D-5BBB09B4CD0E}
		{7CD72BDE-D273-4504-9C70-50E108A5AA47} = {7CD72BDE-D273-4504-9C70-50E108A5AA47}
		{B5DBE4B6-3FE1-4815-8D81-9BACD70B754E} = {B5DBE4B6-3FE1-4815-8D81-9BACD70B754E}
		{ECAC96DA-92E0-4D23-AFF4-87A4ECB18FDA} = {ECAC96DA-92E0-4D23-AFF4-87A4ECB18FDA}
		{0F365DA7-7BD2-4CE4-BA49-1BED65DE620F} = {0F365DA7-7BD2-4CE4-BA49-1BED65DE620F}
	EndProjectSection
EndProject
Project("{8BC9CEB8-8B4A-11D0-8D11-00A0C91BC942}") = "BkSetup", "BkSetup\BkSetup.vcproj", "{BAA364EE-AFAB-4BB3-A443-892E9FE858FB}"
	ProjectSection(ProjectDependencies) = postProject
		{6497A667-BADC-47C7-8DD7-3D037BB83256} = {6497A667-BADC-47C7-8DD7-3D037BB83256}
		{8C4993F4-F52D-4FC8-A8E4-913A3049CCA0} = {8C4993F4-F52D-4FC8-A8E4-913A3049CCA0}
		{95DA6D8E-9964-4A17-B0DF-F3CC93C5B3DA} = {95DA6D8E-9964-4A17-B0DF-F3CC93C5B3DA}
		{35886AC3-4E3A-40EF-83CD-AA9F00A09618} = {35886AC3-4E3A-40EF-83CD-AA9F00A09618}
	EndProjectSection
EndProject
Project("{8BC9CEB8-8B4A-11D0-8D11-00A0C91BC942}") = "SetupDll", "SetupDll\SetupDll.vcproj", "{214959C9-1EF0-49BA-AD54-F06E318A4138}"
	ProjectSection(ProjectDependencies) = postProject
		{BAA364EE-AFAB-4BB3-A443-892E9FE858FB} = {BAA364EE-AFAB-4BB3-A443-892E9FE858FB}
		{8C4993F4-F52D-4FC8-A8E4-913A3049CCA0} = {8C4993F4-F52D-4FC8-A8E4-913A3049CCA0}
		{6497A667-BADC-47C7-8DD7-3D037BB83256} = {6497A667-BADC-47C7-8DD7-3D037BB83256}
	EndProjectSection
EndProject
Project("{8BC9CEB8-8B4A-11D0-8D11-00A0C91BC942}") = "FsLib", "FsLib\FsLib.vcproj", "{E0964044-6CC4-456C-894D-5BBB09B4CD0E}"
	ProjectSection(ProjectDependencies) = postProject
		{8C4993F4-F52D-4FC8-A8E4-913A3049CCA0} = {8C4993F4-F52D-4FC8-A8E4-913A3049CCA0}
	EndProjectSection
EndProject
Project("{8BC9CEB8-8B4A-11D0-8D11-00A0C91BC942}") = "Vfs", "Vfs\Vfs.vcproj", "{87EDB003-EF95-4B44-9721-309147B8B493}"
EndProject
Project("{8BC9CEB8-8B4A-11D0-8D11-00A0C91BC942}") = "BkFilter", "BKFilter\bkfilter.vcproj", "{7CD72BDE-D273-4504-9C70-50E108A5AA47}"
EndProject
Project("{8BC9CEB8-8B4A-11D0-8D11-00A0C91BC942}") = "DrvLdr", "DrvLdr\drvldr.vcproj", "{97ECD718-2AE1-4FEB-B04E-A8F01F44C5C8}"
EndProject
Project("{8BC9CEB8-8B4A-11D0-8D11-00A0C91BC942}") = "BkDrv", "BkDrv\BkDrv.vcproj", "{B5DBE4B6-3FE1-4815-8D81-9BACD70B754E}"
EndProject
Project("{8BC9CEB8-8B4A-11D0-8D11-00A0C91BC942}") = "LWIP", "iplib\lwip.vcproj", "{0995FA02-03B0-4759-9B11-E897D2526B2E}"
	ProjectSection(ProjectDependencies) = postProject
		{ECAC96DA-92E0-4D23-AFF4-87A4ECB18FDA} = {ECAC96DA-92E0-4D23-AFF4-87A4ECB18FDA}
	EndProjectSection
EndProject
Project("{8BC9CEB8-8B4A-11D0-8D11-00A0C91BC942}") = "KipLib", "KipLib\KipLib.vcproj", "{F951E47A-8286-4405-8D7F-1A183B664FE8}"
	ProjectSection(ProjectDependencies) = postProject
		{466E109F-622C-44B6-8306-337CC1772EEC} = {466E109F-622C-44B6-8306-337CC1772EEC}
		{0995FA02-03B0-4759-9B11-E897D2526B2E} = {0995FA02-03B0-4759-9B11-E897D2526B2E}
	EndProjectSection
EndProject
Project("{8BC9CEB8-8B4A-11D0-8D11-00A0C91BC942}") = "RTL", "rtl\rtl.vcproj", "{466E109F-622C-44B6-8306-337CC1772EEC}"
	ProjectSection(ProjectDependencies) = postProject
		{0995FA02-03B0-4759-9B11-E897D2526B2E} = {0995FA02-03B0-4759-9B11-E897D2526B2E}
	EndProjectSection
EndProject
Project("{8BC9CEB8-8B4A-11D0-8D11-00A0C91BC942}") = "KBot", "KBOT\KBot.vcproj", "{ECAC96DA-92E0-4D23-AFF4-87A4ECB18FDA}"
	ProjectSection(ProjectDependencies) = postProject
		{0F365DA7-7BD2-4CE4-BA49-1BED65DE620F} = {0F365DA7-7BD2-4CE4-BA49-1BED65DE620F}
	EndProjectSection
EndProject
Project("{8BC9CEB8-8B4A-11D0-8D11-00A0C91BC942}") = "KipApi", "API\kipapi.vcproj", "{7FA88AA6-C1C6-48B3-B45C-516FB1C75DDD}"
EndProject
Project("{8BC9CEB8-8B4A-11D0-8D11-00A0C91BC942}") = "KHTTP", "KHTTP\KHTTP.vcproj", "{0F365DA7-7BD2-4CE4-BA49-1BED65DE620F}"
	ProjectSection(ProjectDependencies) = postProject
		{7FA88AA6-C1C6-48B3-B45C-516FB1C75DDD} = {7FA88AA6-C1C6-48B3-B45C-516FB1C75DDD}
	EndProjectSection
EndProject
Global
	GlobalSection(SolutionConfigurationPlatforms) = preSolution
		Debug|Win32 = Debug|Win32
		Debug|x64 = Debug|x64
		Release|Win32 = Release|Win32
		Release|x64 = Release|x64
	EndGlobalSection
	GlobalSection(ProjectConfigurationPlatforms) = postSolution
		{6497A667-BADC-47C7-8DD7-3D037BB83256}.Debug|Win32.ActiveCfg = Debug|Win32
		{6497A667-BADC-47C7-8DD7-3D037BB83256}.Debug|Win32.Build.0 = Debug|Win32
		{6497A667-BADC-47C7-8DD7-3D037BB83256}.Debug|x64.ActiveCfg = Debug|Win32
		{6497A667-BADC-47C7-8DD7-3D037BB83256}.Release|Win32.ActiveCfg = Release|Win32
		{6497A667-BADC-47C7-8DD7-3D037BB83256}.Release|Win32.Build.0 = Release|Win32
		{6497A667-BADC-47C7-8DD7-3D037BB83256}.Release|x64.ActiveCfg = Release|Win32
		{8C4993F4-F52D-4FC8-A8E4-913A3049CCA0}.Debug|Win32.ActiveCfg = Debug|Win32
		{8C4993F4-F52D-4FC8-A8E4-913A3049CCA0}.Debug|Win32.Build.0 = Debug|Win32
		{8C4993F4-F52D-4FC8-A8E4-913A3049CCA0}.Debug|x64.ActiveCfg = Debug|x64
		{8C4993F4-F52D-4FC8-A8E4-913A3049CCA0}.Debug|x64.Build.0 = Debug|x64
		{8C4993F4-F52D-4FC8-A8E4-913A3049CCA0}.Release|Win32.ActiveCfg = Release|Win32
		{8C4993F4-F52D-4FC8-A8E4-913A3049CCA0}.Release|Win32.Build.0 = Release|Win32
		{8C4993F4-F52D-4FC8-A8E4-913A3049CCA0}.Release|x64.ActiveCfg = Release|x64
		{8C4993F4-F52D-4FC8-A8E4-913A3049CCA0}.Release|x64.Build.0 = Release|x64
		{95DA6D8E-9964-4A17-B0DF-F3CC93C5B3DA}.Debug|Win32.ActiveCfg = Debug|Win32
		{95DA6D8E-9964-4A17-B0DF-F3CC93C5B3DA}.Debug|Win32.Build.0 = Debug|Win32
		{95DA6D8E-9964-4A17-B0DF-F3CC93C5B3DA}.Debug|x64.ActiveCfg = Debug|Win32
		{95DA6D8E-9964-4A17-B0DF-F3CC93C5B3DA}.Release|Win32.ActiveCfg = Release|Win32
		{95DA6D8E-9964-4A17-B0DF-F3CC93C5B3DA}.Release|Win32.Build.0 = Release|Win32
		{95DA6D8E-9964-4A17-B0DF-F3CC93C5B3DA}.Release|x64.ActiveCfg = Release|Win32
		{35886AC3-4E3A-40EF-83CD-AA9F00A09618}.Debug|Win32.ActiveCfg = Debug|Win32
		{35886AC3-4E3A-40EF-83CD-AA9F00A09618}.Debug|Win32.Build.0 = Debug|Win32
		{35886AC3-4E3A-40EF-83CD-AA9F00A09618}.Debug|x64.ActiveCfg = Debug|x64
		{35886AC3-4E3A-40EF-83CD-AA9F00A09618}.Debug|x64.Build.0 = Debug|x64
		{35886AC3-4E3A-40EF-83CD-AA9F00A09618}.Release|Win32.ActiveCfg = Release|Win32
		{35886AC3-4E3A-40EF-83CD-AA9F00A09618}.Release|Win32.Build.0 = Release|Win32
		{35886AC3-4E3A-40EF-83CD-AA9F00A09618}.Release|x64.ActiveCfg = Release|x64
		{35886AC3-4E3A-40EF-83CD-AA9F00A09618}.Release|x64.Build.0 = Release|x64
		{BAA364EE-AFAB-4BB3-A443-892E9FE858FB}.Debug|Win32.ActiveCfg = Debug|Win32
		{BAA364EE-AFAB-4BB3-A443-892E9FE858FB}.Debug|Win32.Build.0 = Debug|Win32
		{BAA364EE-AFAB-4BB3-A443-892E9FE858FB}.Debug|x64.ActiveCfg = Debug|Win32
		{BAA364EE-AFAB-4BB3-A443-892E9FE858FB}.Release|Win32.ActiveCfg = Release|Win32
		{BAA364EE-AFAB-4BB3-A443-892E9FE858FB}.Release|Win32.Build.0 = Release|Win32
		{BAA364EE-AFAB-4BB3-A443-892E9FE858FB}.Release|x64.ActiveCfg = Release|Win32
		{214959C9-1EF0-49BA-AD54-F06E318A4138}.Debug|Win32.ActiveCfg = Debug|Win32
		{214959C9-1EF0-49BA-AD54-F06E318A4138}.Debug|Win32.Build.0 = Debug|Win32
		{214959C9-1EF0-49BA-AD54-F06E318A4138}.Debug|x64.ActiveCfg = Debug|Win32
		{214959C9-1EF0-49BA-AD54-F06E318A4138}.Release|Win32.ActiveCfg = Release|Win32
		{214959C9-1EF0-49BA-AD54-F06E318A4138}.Release|Win32.Build.0 = Release|Win32
		{214959C9-1EF0-49BA-AD54-F06E318A4138}.Release|x64.ActiveCfg = Release|Win32
		{E0964044-6CC4-456C-894D-5BBB09B4CD0E}.Debug|Win32.ActiveCfg = Debug|Win32
		{E0964044-6CC4-456C-894D-5BBB09B4CD0E}.Debug|Win32.Build.0 = Debug|Win32
		{E0964044-6CC4-456C-894D-5BBB09B4CD0E}.Debug|x64.ActiveCfg = Debug|x64
		{E0964044-6CC4-456C-894D-5BBB09B4CD0E}.Debug|x64.Build.0 = Debug|x64
		{E0964044-6CC4-456C-894D-5BBB09B4CD0E}.Release|Win32.ActiveCfg = Release|Win32
		{E0964044-6CC4-456C-894D-5BBB09B4CD0E}.Release|Win32.Build.0 = Release|Win32
		{E0964044-6CC4-456C-894D-5BBB09B4CD0E}.Release|x64.ActiveCfg = Release|x64
		{E0964044-6CC4-456C-894D-5BBB09B4CD0E}.Release|x64.Build.0 = Release|x64
		{87EDB003-EF95-4B44-9721-309147B8B493}.Debug|Win32.ActiveCfg = Debug|Win32
		{87EDB003-EF95-4B44-9721-309147B8B493}.Debug|Win32.Build.0 = Debug|Win32
		{87EDB003-EF95-4B44-9721-309147B8B493}.Debug|x64.ActiveCfg = Debug|Win32
		{87EDB003-EF95-4B44-9721-309147B8B493}.Release|Win32.ActiveCfg = Release|Win32
		{87EDB003-EF95-4B44-9721-309147B8B493}.Release|Win32.Build.0 = Release|Win32
		{87EDB003-EF95-4B44-9721-309147B8B493}.Release|x64.ActiveCfg = Release|Win32
		{7CD72BDE-D273-4504-9C70-50E108A5AA47}.Debug|Win32.ActiveCfg = Debug|Win32
		{7CD72BDE-D273-4504-9C70-50E108A5AA47}.Debug|Win32.Build.0 = Debug|Win32
		{7CD72BDE-D273-4504-9C70-50E108A5AA47}.Debug|x64.ActiveCfg = Debug|x64
		{7CD72BDE-D273-4504-9C70-50E108A5AA47}.Debug|x64.Build.0 = Debug|x64
		{7CD72BDE-D273-4504-9C70-50E108A5AA47}.Release|Win32.ActiveCfg = Release|Win32
		{7CD72BDE-D273-4504-9C70-50E108A5AA47}.Release|Win32.Build.0 = Release|Win32
		{7CD72BDE-D273-4504-9C70-50E108A5AA47}.Release|x64.ActiveCfg = Release|x64
		{7CD72BDE-D273-4504-9C70-50E108A5AA47}.Release|x64.Build.0 = Release|x64
		{97ECD718-2AE1-4FEB-B04E-A8F01F44C5C8}.Debug|Win32.ActiveCfg = Debug|Win32
		{97ECD718-2AE1-4FEB-B04E-A8F01F44C5C8}.Debug|Win32.Build.0 = Debug|Win32
		{97ECD718-2AE1-4FEB-B04E-A8F01F44C5C8}.Debug|x64.ActiveCfg = Debug|x64
		{97ECD718-2AE1-4FEB-B04E-A8F01F44C5C8}.Debug|x64.Build.0 = Debug|x64
		{97ECD718-2AE1-4FEB-B04E-A8F01F44C5C8}.Release|Win32.ActiveCfg = Release|Win32
		{97ECD718-2AE1-4FEB-B04E-A8F01F44C5C8}.Release|Win32.Build.0 = Release|Win32
		{97ECD718-2AE1-4FEB-B04E-A8F01F44C5C8}.Release|x64.ActiveCfg = Release|x64
		{97ECD718-2AE1-4FEB-B04E-A8F01F44C5C8}.Release|x64.Build.0 = Release|x64
		{B5DBE4B6-3FE1-4815-8D81-9BACD70B754E}.Debug|Win32.ActiveCfg = Debug|Win32
		{B5DBE4B6-3FE1-4815-8D81-9BACD70B754E}.Debug|Win32.Build.0 = Debug|Win32
		{B5DBE4B6-3FE1-4815-8D81-9BACD70B754E}.Debug|x64.ActiveCfg = Debug|x64
		{B5DBE4B6-3FE1-4815-8D81-9BACD70B754E}.Debug|x64.Build.0 = Debug|x64
		{B5DBE4B6-3FE1-4815-8D81-9BACD70B754E}.Release|Win32.ActiveCfg = Release|Win32
		{B5DBE4B6-3FE1-4815-8D81-9BACD70B754E}.Release|Win32.Build.0 = Release|Win32
		{B5DBE4B6-3FE1-4815-8D81-9BACD70B754E}.Release|x64.ActiveCfg = Release|x64
		{B5DBE4B6-3FE1-4815-8D81-9BACD70B754E}.Release|x64.Build.0 = Release|x64
		{0995FA02-03B0-4759-9B11-E897D2526B2E}.Debug|Win32.ActiveCfg = Debug|Win32
		{0995FA02-03B0-4759-9B11-E897D2526B2E}.Debug|Win32.Build.0 = Debug|Win32
		{0995FA02-03B0-4759-9B11-E897D2526B2E}.Debug|x64.ActiveCfg = Debug|x64
		{0995FA02-03B0-4759-9B11-E897D2526B2E}.Debug|x64.Build.0 = Debug|x64
		{0995FA02-03B0-4759-9B11-E897D2526B2E}.Release|Win32.ActiveCfg = Release|Win32
		{0995FA02-03B0-4759-9B11-E897D2526B2E}.Release|Win32.Build.0 = Release|Win32
		{0995FA02-03B0-4759-9B11-E897D2526B2E}.Release|x64.ActiveCfg = Release|x64
		{0995FA02-03B0-4759-9B11-E897D2526B2E}.Release|x64.Build.0 = Release|x64
		{F951E47A-8286-4405-8D7F-1A183B664FE8}.Debug|Win32.ActiveCfg = Debug|Win32
		{F951E47A-8286-4405-8D7F-1A183B664FE8}.Debug|Win32.Build.0 = Debug|Win32
		{F951E47A-8286-4405-8D7F-1A183B664FE8}.Debug|x64.ActiveCfg = Debug|x64
		{F951E47A-8286-4405-8D7F-1A183B664FE8}.Debug|x64.Build.0 = Debug|x64
		{F951E47A-8286-4405-8D7F-1A183B664FE8}.Release|Win32.ActiveCfg = Release|Win32
		{F951E47A-8286-4405-8D7F-1A183B664FE8}.Release|Win32.Build.0 = Release|Win32
		{F951E47A-8286-4405-8D7F-1A183B664FE8}.Release|x64.ActiveCfg = Release|x64
		{F951E47A-8286-4405-8D7F-1A183B664FE8}.Release|x64.Build.0 = Release|x64
		{466E109F-622C-44B6-8306-337CC1772EEC}.Debug|Win32.ActiveCfg = Debug|Win32
		{466E109F-622C-44B6-8306-337CC1772EEC}.Debug|Win32.Build.0 = Debug|Win32
		{466E109F-622C-44B6-8306-337CC1772EEC}.Debug|x64.ActiveCfg = Debug|x64
		{466E109F-622C-44B6-8306-337CC1772EEC}.Debug|x64.Build.0 = Debug|x64
		{466E109F-622C-44B6-8306-337CC1772EEC}.Release|Win32.ActiveCfg = Release|Win32
		{466E109F-622C-44B6-8306-337CC1772EEC}.Release|Win32.Build.0 = Release|Win32
		{466E109F-622C-44B6-8306-337CC1772EEC}.Release|x64.ActiveCfg = Release|x64
		{466E109F-622C-44B6-8306-337CC1772EEC}.Release|x64.Build.0 = Release|x64
		{ECAC96DA-92E0-4D23-AFF4-87A4ECB18FDA}.Debug|Win32.ActiveCfg = Debug|Win32
		{ECAC96DA-92E0-4D23-AFF4-87A4ECB18FDA}.Debug|Win32.Build.0 = Debug|Win32
		{ECAC96DA-92E0-4D23-AFF4-87A4ECB18FDA}.Debug|x64.ActiveCfg = Debug|x64
		{ECAC96DA-92E0-4D23-AFF4-87A4ECB18FDA}.Debug|x64.Build.0 = Debug|x64
		{ECAC96DA-92E0-4D23-AFF4-87A4ECB18FDA}.Release|Win32.ActiveCfg = Release|Win32
		{ECAC96DA-92E0-4D23-AFF4-87A4ECB18FDA}.Release|Win32.Build.0 = Release|Win32
		{ECAC96DA-92E0-4D23-AFF4-87A4ECB18FDA}.Release|x64.ActiveCfg = Release|x64
		{ECAC96DA-92E0-4D23-AFF4-87A4ECB18FDA}.Release|x64.Build.0 = Release|x64
		{7FA88AA6-C1C6-48B3-B45C-516FB1C75DDD}.Debug|Win32.ActiveCfg = Debug|Win32
		{7FA88AA6-C1C6-48B3-B45C-516FB1C75DDD}.Debug|Win32.Build.0 = Debug|Win32
		{7FA88AA6-C1C6-48B3-B45C-516FB1C75DDD}.Debug|x64.ActiveCfg = Debug|x64
		{7FA88AA6-C1C6-48B3-B45C-516FB1C75DDD}.Debug|x64.Build.0 = Debug|x64
		{7FA88AA6-C1C6-48B3-B45C-516FB1C75DDD}.Release|Win32.ActiveCfg = Release|Win32
		{7FA88AA6-C1C6-48B3-B45C-516FB1C75DDD}.Release|Win32.Build.0 = Release|Win32
		{7FA88AA6-C1C6-48B3-B45C-516FB1C75DDD}.Release|x64.ActiveCfg = Release|x64
		{7FA88AA6-C1C6-48B3-B45C-516FB1C75DDD}.Release|x64.Build.0 = Release|x64
		{0F365DA7-7BD2-4CE4-BA49-1BED65DE620F}.Debug|Win32.ActiveCfg = Debug|Win32
		{0F365DA7-7BD2-4CE4-BA49-1BED65DE620F}.Debug|Win32.Build.0 = Debug|Win32
		{0F365DA7-7BD2-4CE4-BA49-1BED65DE620F}.Debug|x64.ActiveCfg = Debug|x64
		{0F365DA7-7BD2-4CE4-BA49-1BED65DE620F}.Debug|x64.Build.0 = Debug|x64
		{0F365DA7-7BD2-4CE4-BA49-1BED65DE620F}.Release|Win32.ActiveCfg = Release|Win32
		{0F365DA7-7BD2-4CE4-BA49-1BED65DE620F}.Release|Win32.Build.0 = Release|Win32
		{0F365DA7-7BD2-4CE4-BA49-1BED65DE620F}.Release|x64.ActiveCfg = Release|x64
		{0F365DA7-7BD2-4CE4-BA49-1BED65DE620F}.Release|x64.Build.0 = Release|x64
	EndGlobalSection
	GlobalSection(SolutionProperties) = preSolution
		HideSolutionNode = FALSE
	EndGlobalSection
EndGlobal
