<?xml version="1.0" encoding="UTF-8" standalone="yes" ?>
<CodeBlocks_project_file>
	<FileVersion major="1" minor="6" />
	<Project>
		<Option title="syslib" />
		<Option pch_mode="2" />
		<Option compiler="msvc8" />
		<Build>
			<Target title="Debug x86">
				<Option output="$(WORKSPACEDIR)\bin\Debug\syslib x86" prefix_auto="1" extension_auto="1" />
				<Option working_dir="" />
				<Option object_output="$(WORKSPACEDIR)\obj\Debug\syslib x86\" />
				<Option type="2" />
				<Option compiler="msvc8" />
				<Option createDefFile="1" />
				<Compiler>
					<Add option="/MDd" />
					<Add option="/arch:SSE" />
					<Add option="/Od" />
					<Add option="/W3" />
					<Add option="/Zi" />
					<Add option="/DWIN32" />
					<Add option="/D_DEBUG" />
					<Add option="/D_LIB" />
				</Compiler>
				<Linker>
					<Add option="/DEBUG" />
				</Linker>
			</Target>
			<Target title="Release x86">
				<Option output="$(WORKSPACEDIR)\bin\Release\syslib x86" prefix_auto="1" extension_auto="1" />
				<Option working_dir="" />
				<Option object_output="$(WORKSPACEDIR)\obj\Release\syslib x86\" />
				<Option type="2" />
				<Option compiler="msvc8" />
				<Option createDefFile="1" />
				<Compiler>
					<Add option="/MD" />
					<Add option="/arch:SSE" />
					<Add option="/Oy" />
					<Add option="/Os" />
					<Add option="/Ox" />
					<Add option="/W3" />
					<Add option="/DWIN32" />
					<Add option="/DNDEBUG" />
					<Add option="/D_LIB" />
				</Compiler>
			</Target>
			<Target title="Debug x64">
				<Option output="$(WORKSPACEDIR)\bin\Debug\syslib x64" prefix_auto="1" extension_auto="1" />
				<Option working_dir="" />
				<Option object_output="$(WORKSPACEDIR)\obj\Debug\syslib x64\" />
				<Option type="2" />
				<Option compiler="msvc8" />
				<Option createDefFile="1" />
				<Compiler>
					<Add option="/MDd" />
					<Add option="/Od" />
					<Add option="/W3" />
					<Add option="/Zi" />
					<Add option="/DWIN32" />
					<Add option="/D_DEBUG" />
					<Add option="/D_LIB" />
				</Compiler>
				<Linker>
					<Add option="/DEBUG" />
				</Linker>
			</Target>
			<Target title="Release x64">
				<Option output="$(WORKSPACEDIR)\bin\Release\syslib x64" prefix_auto="1" extension_auto="1" />
				<Option working_dir="" />
				<Option object_output="$(WORKSPACEDIR)\obj\Release\syslib x64\" />
				<Option type="2" />
				<Option compiler="msvc8" />
				<Option createDefFile="1" />
				<Compiler>
					<Add option="/MD" />
					<Add option="/Oy" />
					<Add option="/Os" />
					<Add option="/Ox" />
					<Add option="/W3" />
					<Add option="/DWIN32" />
					<Add option="/DNDEBUG" />
					<Add option="/D_LIB" />
				</Compiler>
			</Target>
		</Build>
		<VirtualTargets>
			<Add alias="Debug" targets="Debug x86;Debug x64;" />
			<Add alias="Release" targets="Release x86;Release x64;" />
		</VirtualTargets>
		<Compiler>
			<Add option="/GA" />
			<Add option="/fp:except-" />
			<Add option="/Gy" />
			<Add option="/GS-" />
			<Add option="/DUNICODE" />
			<Add option="/D_UNICODE" />
			<Add option="/D_HVNC" />
			<Add directory="..\..\..\ntdll" />
		</Compiler>
		<Unit filename="crc32.cpp" />
		<Unit filename="crc32.h" />
		<Unit filename="dbg.cpp" />
		<Unit filename="hde32\hde32.cpp">
			<Option target="Debug x86" />
			<Option target="Release x86" />
		</Unit>
		<Unit filename="hde32\hde32.h">
			<Option target="Debug x86" />
			<Option target="Release x86" />
		</Unit>
		<Unit filename="hde32\table32.h">
			<Option target="Debug x86" />
			<Option target="Release x86" />
		</Unit>
		<Unit filename="hde64\hde64.cpp">
			<Option target="Debug x64" />
			<Option target="Release x64" />
		</Unit>
		<Unit filename="hde64\hde64.h">
			<Option target="Debug x64" />
			<Option target="Release x64" />
		</Unit>
		<Unit filename="hde64\table64.h">
			<Option target="Debug x64" />
			<Option target="Release x64" />
		</Unit>
		<Unit filename="hook_api.cpp" />
		<Unit filename="hook_api.h" />
		<Unit filename="inject.cpp" />
		<Unit filename="inject.h" />
		<Unit filename="mem.cpp" />
		<Unit filename="mem.h" />
		<Unit filename="system.cpp" />
		<Unit filename="system.h" />
		<Unit filename="tools.cpp" />
		<Extensions>
			<code_completion />
			<envvars />
			<debugger />
			<lib_finder disable_auto="1" />
		</Extensions>
	</Project>
</CodeBlocks_project_file>
