
Microsoft Visual Studio Solution File, Format Version 10.00
# Visual Studio 2008
Project("{8BC9CEB8-8B4A-11D0-8D11-00A0C91BC942}") = "ExportSert", "ExportSert.vcproj", "{8EB0B54A-9A9A-4BBA-8DA0-F480819F5666}"
EndProject
Global
	GlobalSection(SolutionConfigurationPlatforms) = preSolution
		Debug|Win32 = Debug|Win32
		Release|Win32 = Release|Win32
	EndGlobalSection
	GlobalSection(ProjectConfigurationPlatforms) = postSolution
		{8EB0B54A-9A9A-4BBA-8DA0-F480819F5666}.Debug|Win32.ActiveCfg = Debug|Win32
		{8EB0B54A-9A9A-4BBA-8DA0-F480819F5666}.Debug|Win32.Build.0 = Debug|Win32
		{8EB0B54A-9A9A-4BBA-8DA0-F480819F5666}.Release|Win32.ActiveCfg = Release|Win32
		{8EB0B54A-9A9A-4BBA-8DA0-F480819F5666}.Release|Win32.Build.0 = Release|Win32
	EndGlobalSection
	GlobalSection(SolutionProperties) = preSolution
		HideSolutionNode = FALSE
	EndGlobalSection
EndGlobal
