
Microsoft Visual Studio Solution File, Format Version 10.00
# Visual Studio 2008
Project("{8BC9CEB8-8B4A-11D0-8D11-00A0C91BC942}") = "WhiteJoeExe", "WhiteJoeExe.vcproj", "{E9D6D2B4-5E8E-4AA3-A15A-E3617F387A83}"
EndProject
Project("{8BC9CEB8-8B4A-11D0-8D11-00A0C91BC942}") = "WhiteJoeDll", "WhiteJoeDll.vcproj", "{E1443E56-123F-4114-9C77-1A174BA2F18C}"
EndProject
Project("{8BC9CEB8-8B4A-11D0-8D11-00A0C91BC942}") = "WhiteJoeRebootPing", "WhiteJoeRebootPing.vcproj", "{43D12178-52E1-437C-B81F-E42C35117CCB}"
EndProject
Project("{8BC9CEB8-8B4A-11D0-8D11-00A0C91BC942}") = "WhiteJoeRebootPingDll", "WhiteJoeRebootPingDll.vcproj", "{2F4DD86C-A288-4441-BE3A-36019A0D0ED9}"
EndProject
Global
	GlobalSection(SolutionConfigurationPlatforms) = preSolution
		Debug|Win32 = Debug|Win32
		RDEBUG_CONFIG|Win32 = RDEBUG_CONFIG|Win32
		Release|Win32 = Release|Win32
	EndGlobalSection
	GlobalSection(ProjectConfigurationPlatforms) = postSolution
		{E9D6D2B4-5E8E-4AA3-A15A-E3617F387A83}.Debug|Win32.ActiveCfg = Debug|Win32
		{E9D6D2B4-5E8E-4AA3-A15A-E3617F387A83}.Debug|Win32.Build.0 = Debug|Win32
		{E9D6D2B4-5E8E-4AA3-A15A-E3617F387A83}.RDEBUG_CONFIG|Win32.ActiveCfg = RDEBUG_CONFIG|Win32
		{E9D6D2B4-5E8E-4AA3-A15A-E3617F387A83}.RDEBUG_CONFIG|Win32.Build.0 = RDEBUG_CONFIG|Win32
		{E9D6D2B4-5E8E-4AA3-A15A-E3617F387A83}.Release|Win32.ActiveCfg = Release|Win32
		{E9D6D2B4-5E8E-4AA3-A15A-E3617F387A83}.Release|Win32.Build.0 = Release|Win32
		{E1443E56-123F-4114-9C77-1A174BA2F18C}.Debug|Win32.ActiveCfg = Debug|Win32
		{E1443E56-123F-4114-9C77-1A174BA2F18C}.Debug|Win32.Build.0 = Debug|Win32
		{E1443E56-123F-4114-9C77-1A174BA2F18C}.RDEBUG_CONFIG|Win32.ActiveCfg = RDEBUG_CONFIG|Win32
		{E1443E56-123F-4114-9C77-1A174BA2F18C}.RDEBUG_CONFIG|Win32.Build.0 = RDEBUG_CONFIG|Win32
		{E1443E56-123F-4114-9C77-1A174BA2F18C}.Release|Win32.ActiveCfg = Release|Win32
		{E1443E56-123F-4114-9C77-1A174BA2F18C}.Release|Win32.Build.0 = Release|Win32
		{43D12178-52E1-437C-B81F-E42C35117CCB}.Debug|Win32.ActiveCfg = Debug|Win32
		{43D12178-52E1-437C-B81F-E42C35117CCB}.Debug|Win32.Build.0 = Debug|Win32
		{43D12178-52E1-437C-B81F-E42C35117CCB}.RDEBUG_CONFIG|Win32.ActiveCfg = RDEBUG_CONFIG|Win32
		{43D12178-52E1-437C-B81F-E42C35117CCB}.RDEBUG_CONFIG|Win32.Build.0 = RDEBUG_CONFIG|Win32
		{43D12178-52E1-437C-B81F-E42C35117CCB}.Release|Win32.ActiveCfg = Release|Win32
		{43D12178-52E1-437C-B81F-E42C35117CCB}.Release|Win32.Build.0 = Release|Win32
		{2F4DD86C-A288-4441-BE3A-36019A0D0ED9}.Debug|Win32.ActiveCfg = Debug|Win32
		{2F4DD86C-A288-4441-BE3A-36019A0D0ED9}.Debug|Win32.Build.0 = Debug|Win32
		{2F4DD86C-A288-4441-BE3A-36019A0D0ED9}.RDEBUG_CONFIG|Win32.ActiveCfg = RDEBUG_CONFIG|Win32
		{2F4DD86C-A288-4441-BE3A-36019A0D0ED9}.RDEBUG_CONFIG|Win32.Build.0 = RDEBUG_CONFIG|Win32
		{2F4DD86C-A288-4441-BE3A-36019A0D0ED9}.Release|Win32.ActiveCfg = Release|Win32
		{2F4DD86C-A288-4441-BE3A-36019A0D0ED9}.Release|Win32.Build.0 = Release|Win32
	EndGlobalSection
	GlobalSection(SolutionProperties) = preSolution
		HideSolutionNode = FALSE
	EndGlobalSection
EndGlobal
