
Microsoft Visual Studio Solution File, Format Version 9.00
# Visual Studio 2005
Project("{8BC9CEB8-8B4A-11D0-8D11-00A0C91BC942}") = "BKGen", "BKGen\BKGen.vcproj", "{6497A667-BADC-47C7-8DD7-3D037BB83256}"
EndProject
Project("{8BC9CEB8-8B4A-11D0-8D11-00A0C91BC942}") = "BKLib", "BKLib\BKLib.vcproj", "{8C4993F4-F52D-4FC8-A8E4-913A3049CCA0}"
EndProject
Project("{8BC9CEB8-8B4A-11D0-8D11-00A0C91BC942}") = "FJ", "FJ\FJ.vcproj", "{95DA6D8E-9964-4A17-B0DF-F3CC93C5B3DA}"
EndProject
Project("{8BC9CEB8-8B4A-11D0-8D11-00A0C91BC942}") = "KLoader", "KLoader\kloader.vcproj", "{35886AC3-4E3A-40EF-83CD-AA9F00A09618}"
	ProjectSection(ProjectDependencies) = postProject
		{95DA6D8E-9964-4A17-B0DF-F3CC93C5B3DA} = {95DA6D8E-9964-4A17-B0DF-F3CC93C5B3DA}
		{8C4993F4-F52D-4FC8-A8E4-913A3049CCA0} = {8C4993F4-F52D-4FC8-A8E4-913A3049CCA0}
	EndProjectSection
EndProject
Project("{8BC9CEB8-8B4A-11D0-8D11-00A0C91BC942}") = "BkSetup", "BkSetup\BkSetup.vcproj", "{BAA364EE-AFAB-4BB3-A443-892E9FE858FB}"
	ProjectSection(ProjectDependencies) = postProject
		{6497A667-BADC-47C7-8DD7-3D037BB83256} = {6497A667-BADC-47C7-8DD7-3D037BB83256}
		{8C4993F4-F52D-4FC8-A8E4-913A3049CCA0} = {8C4993F4-F52D-4FC8-A8E4-913A3049CCA0}
		{95DA6D8E-9964-4A17-B0DF-F3CC93C5B3DA} = {95DA6D8E-9964-4A17-B0DF-F3CC93C5B3DA}
		{35886AC3-4E3A-40EF-83CD-AA9F00A09618} = {35886AC3-4E3A-40EF-83CD-AA9F00A09618}
	EndProjectSection
EndProject
Project("{8BC9CEB8-8B4A-11D0-8D11-00A0C91BC942}") = "SetupDll", "SetupDll\SetupDll.vcproj", "{214959C9-1EF0-49BA-AD54-F06E318A4138}"
	ProjectSection(ProjectDependencies) = postProject
		{BAA364EE-AFAB-4BB3-A443-892E9FE858FB} = {BAA364EE-AFAB-4BB3-A443-892E9FE858FB}
		{8C4993F4-F52D-4FC8-A8E4-913A3049CCA0} = {8C4993F4-F52D-4FC8-A8E4-913A3049CCA0}
		{6497A667-BADC-47C7-8DD7-3D037BB83256} = {6497A667-BADC-47C7-8DD7-3D037BB83256}
	EndProjectSection
EndProject
Global
	GlobalSection(SolutionConfigurationPlatforms) = preSolution
		Debug|Win32 = Debug|Win32
		Debug|x64 = Debug|x64
		Release|Win32 = Release|Win32
		Release|x64 = Release|x64
	EndGlobalSection
	GlobalSection(ProjectConfigurationPlatforms) = postSolution
		{6497A667-BADC-47C7-8DD7-3D037BB83256}.Debug|Win32.ActiveCfg = Debug|Win32
		{6497A667-BADC-47C7-8DD7-3D037BB83256}.Debug|Win32.Build.0 = Debug|Win32
		{6497A667-BADC-47C7-8DD7-3D037BB83256}.Debug|x64.ActiveCfg = Debug|Win32
		{6497A667-BADC-47C7-8DD7-3D037BB83256}.Release|Win32.ActiveCfg = Release|Win32
		{6497A667-BADC-47C7-8DD7-3D037BB83256}.Release|Win32.Build.0 = Release|Win32
		{6497A667-BADC-47C7-8DD7-3D037BB83256}.Release|x64.ActiveCfg = Release|Win32
		{8C4993F4-F52D-4FC8-A8E4-913A3049CCA0}.Debug|Win32.ActiveCfg = Debug|Win32
		{8C4993F4-F52D-4FC8-A8E4-913A3049CCA0}.Debug|Win32.Build.0 = Debug|Win32
		{8C4993F4-F52D-4FC8-A8E4-913A3049CCA0}.Debug|x64.ActiveCfg = Debug|x64
		{8C4993F4-F52D-4FC8-A8E4-913A3049CCA0}.Debug|x64.Build.0 = Debug|x64
		{8C4993F4-F52D-4FC8-A8E4-913A3049CCA0}.Release|Win32.ActiveCfg = Release|Win32
		{8C4993F4-F52D-4FC8-A8E4-913A3049CCA0}.Release|Win32.Build.0 = Release|Win32
		{8C4993F4-F52D-4FC8-A8E4-913A3049CCA0}.Release|x64.ActiveCfg = Release|x64
		{8C4993F4-F52D-4FC8-A8E4-913A3049CCA0}.Release|x64.Build.0 = Release|x64
		{95DA6D8E-9964-4A17-B0DF-F3CC93C5B3DA}.Debug|Win32.ActiveCfg = Debug|Win32
		{95DA6D8E-9964-4A17-B0DF-F3CC93C5B3DA}.Debug|Win32.Build.0 = Debug|Win32
		{95DA6D8E-9964-4A17-B0DF-F3CC93C5B3DA}.Debug|x64.ActiveCfg = Debug|Win32
		{95DA6D8E-9964-4A17-B0DF-F3CC93C5B3DA}.Release|Win32.ActiveCfg = Release|Win32
		{95DA6D8E-9964-4A17-B0DF-F3CC93C5B3DA}.Release|Win32.Build.0 = Release|Win32
		{95DA6D8E-9964-4A17-B0DF-F3CC93C5B3DA}.Release|x64.ActiveCfg = Release|Win32
		{35886AC3-4E3A-40EF-83CD-AA9F00A09618}.Debug|Win32.ActiveCfg = Debug|Win32
		{35886AC3-4E3A-40EF-83CD-AA9F00A09618}.Debug|Win32.Build.0 = Debug|Win32
		{35886AC3-4E3A-40EF-83CD-AA9F00A09618}.Debug|x64.ActiveCfg = Debug|x64
		{35886AC3-4E3A-40EF-83CD-AA9F00A09618}.Debug|x64.Build.0 = Debug|x64
		{35886AC3-4E3A-40EF-83CD-AA9F00A09618}.Release|Win32.ActiveCfg = Release|Win32
		{35886AC3-4E3A-40EF-83CD-AA9F00A09618}.Release|Win32.Build.0 = Release|Win32
		{35886AC3-4E3A-40EF-83CD-AA9F00A09618}.Release|x64.ActiveCfg = Release|x64
		{35886AC3-4E3A-40EF-83CD-AA9F00A09618}.Release|x64.Build.0 = Release|x64
		{BAA364EE-AFAB-4BB3-A443-892E9FE858FB}.Debug|Win32.ActiveCfg = Debug|Win32
		{BAA364EE-AFAB-4BB3-A443-892E9FE858FB}.Debug|Win32.Build.0 = Debug|Win32
		{BAA364EE-AFAB-4BB3-A443-892E9FE858FB}.Debug|x64.ActiveCfg = Debug|Win32
		{BAA364EE-AFAB-4BB3-A443-892E9FE858FB}.Release|Win32.ActiveCfg = Release|Win32
		{BAA364EE-AFAB-4BB3-A443-892E9FE858FB}.Release|Win32.Build.0 = Release|Win32
		{BAA364EE-AFAB-4BB3-A443-892E9FE858FB}.Release|x64.ActiveCfg = Release|Win32
		{214959C9-1EF0-49BA-AD54-F06E318A4138}.Debug|Win32.ActiveCfg = Debug|Win32
		{214959C9-1EF0-49BA-AD54-F06E318A4138}.Debug|Win32.Build.0 = Debug|Win32
		{214959C9-1EF0-49BA-AD54-F06E318A4138}.Debug|x64.ActiveCfg = Debug|Win32
		{214959C9-1EF0-49BA-AD54-F06E318A4138}.Release|Win32.ActiveCfg = Release|Win32
		{214959C9-1EF0-49BA-AD54-F06E318A4138}.Release|Win32.Build.0 = Release|Win32
		{214959C9-1EF0-49BA-AD54-F06E318A4138}.Release|x64.ActiveCfg = Release|Win32
	EndGlobalSection
	GlobalSection(SolutionProperties) = preSolution
		HideSolutionNode = FALSE
	EndGlobalSection
EndGlobal
