
Microsoft Visual Studio Solution File, Format Version 10.00
# Visual Studio 2008
Project("{8BC9CEB8-8B4A-11D0-8D11-00A0C91BC942}") = "locker_dll", "locker_dll.vcproj", "{B93176EA-159A-4B5A-9AF2-811D831E3BFE}"
EndProject
Project("{8BC9CEB8-8B4A-11D0-8D11-00A0C91BC942}") = "locker_exe", "locker_exe.vcproj", "{4672AEB6-3F77-4FF4-AB81-DC64E2570B2B}"
	ProjectSection(ProjectDependencies) = postProject
		{B93176EA-159A-4B5A-9AF2-811D831E3BFE} = {B93176EA-159A-4B5A-9AF2-811D831E3BFE}
	EndProjectSection
EndProject
Project("{8BC9CEB8-8B4A-11D0-8D11-00A0C91BC942}") = "builder_exe", "builder_exe.vcproj", "{AF3289D5-986F-4250-9658-A0BFFE9F6D7E}"
EndProject
Global
	GlobalSection(SolutionConfigurationPlatforms) = preSolution
		Debug|Win32 = Debug|Win32
		Release|Win32 = Release|Win32
	EndGlobalSection
	GlobalSection(ProjectConfigurationPlatforms) = postSolution
		{B93176EA-159A-4B5A-9AF2-811D831E3BFE}.Debug|Win32.ActiveCfg = Debug|Win32
		{B93176EA-159A-4B5A-9AF2-811D831E3BFE}.Debug|Win32.Build.0 = Debug|Win32
		{B93176EA-159A-4B5A-9AF2-811D831E3BFE}.Release|Win32.ActiveCfg = Release|Win32
		{B93176EA-159A-4B5A-9AF2-811D831E3BFE}.Release|Win32.Build.0 = Release|Win32
		{4672AEB6-3F77-4FF4-AB81-DC64E2570B2B}.Debug|Win32.ActiveCfg = Debug|Win32
		{4672AEB6-3F77-4FF4-AB81-DC64E2570B2B}.Debug|Win32.Build.0 = Debug|Win32
		{4672AEB6-3F77-4FF4-AB81-DC64E2570B2B}.Release|Win32.ActiveCfg = Release|Win32
		{4672AEB6-3F77-4FF4-AB81-DC64E2570B2B}.Release|Win32.Build.0 = Release|Win32
		{AF3289D5-986F-4250-9658-A0BFFE9F6D7E}.Debug|Win32.ActiveCfg = Debug|Win32
		{AF3289D5-986F-4250-9658-A0BFFE9F6D7E}.Debug|Win32.Build.0 = Debug|Win32
		{AF3289D5-986F-4250-9658-A0BFFE9F6D7E}.Release|Win32.ActiveCfg = Release|Win32
		{AF3289D5-986F-4250-9658-A0BFFE9F6D7E}.Release|Win32.Build.0 = Release|Win32
	EndGlobalSection
	GlobalSection(SolutionProperties) = preSolution
		HideSolutionNode = FALSE
	EndGlobalSection
EndGlobal
