
Microsoft Visual Studio Solution File, Format Version 10.00
# Visual Studio 2008
Project("{8BC9CEB8-8B4A-11D0-8D11-00A0C91BC942}") = "Lite", "Lite\Lite.vcproj", "{DD76FC18-7D77-4121-A13A-B011D4674059}"
EndProject
Project("{8BC9CEB8-8B4A-11D0-8D11-00A0C91BC942}") = "Full", "Full\Full.vcproj", "{9EE3CD45-66DE-4B2E-9560-E2F4CAF47D11}"
EndProject
Project("{8BC9CEB8-8B4A-11D0-8D11-00A0C91BC942}") = "Full_SB", "Full_SB\Full_SB.vcproj", "{CBEEF453-5BB9-4132-9110-F1F826910756}"
EndProject
Project("{8BC9CEB8-8B4A-11D0-8D11-00A0C91BC942}") = "RU", "RU\RU.vcproj", "{6CA1A86B-0C7E-48F0-9EF9-D2A3DE3B3C8F}"
EndProject
Project("{8BC9CEB8-8B4A-11D0-8D11-00A0C91BC942}") = "UK", "UK\UK.vcproj", "{B322A587-B234-4357-B8AB-008F5063E3B6}"
EndProject
Project("{8BC9CEB8-8B4A-11D0-8D11-00A0C91BC942}") = "Full_SB_hnt", "Full_SB_hnt\Full_SB_hnt.vcproj", "{F9D33A48-A14E-4EB0-9C64-CB22ABA3A89D}"
EndProject
Project("{8BC9CEB8-8B4A-11D0-8D11-00A0C91BC942}") = "RU_klgr", "RU_klgr\RU_klgr.vcproj", "{1B8CB3E3-668A-45CD-A264-A0F2ECAB223C}"
EndProject
Project("{8BC9CEB8-8B4A-11D0-8D11-00A0C91BC942}") = "Bot_Plug", "BOT_PLUG\Bot_Plug.vcproj", "{B7547BEB-48B7-4BAE-AA57-2EBE4BEDB450}"
EndProject
Project("{8BC9CEB8-8B4A-11D0-8D11-00A0C91BC942}") = "Loader_dll", "Loader_dll\Loader_dll.vcproj", "{73638EAF-FFC4-4A1B-8C26-424069D8AE17}"
EndProject
Project("{8BC9CEB8-8B4A-11D0-8D11-00A0C91BC942}") = "RU_Az", "RU_Az\RU_Az.vcproj", "{1AE7F58C-6FBE-46F2-A80A-737BAF8D81D2}"
EndProject
Project("{8BC9CEB8-8B4A-11D0-8D11-00A0C91BC942}") = "FakeDllInstaller", "FakeDllInstaller\FakeDllInstaller.vcproj", "{AB3EE774-F225-48E4-ACB0-54A509C21973}"
EndProject
Project("{8BC9CEB8-8B4A-11D0-8D11-00A0C91BC942}") = "BootkitDropper", "BootkitDropper\BootkitDropper.vcproj", "{2BB9AD38-0FE9-4E97-B13C-4ADD91022F69}"
EndProject
Project("{8BC9CEB8-8B4A-11D0-8D11-00A0C91BC942}") = "RU_Az_FDI", "RU_Az_FDI\RU_Az_FDI.vcproj", "{57CB0061-ECE9-4CD6-BD43-A7844391DB03}"
EndProject
Project("{8BC9CEB8-8B4A-11D0-8D11-00A0C91BC942}") = "BootkitRunBot", "BootkitRunBot\BootkitRunBot.vcproj", "{C5FA669D-DDC3-45E6-A721-0DA1587E0045}"
EndProject
Project("{8BC9CEB8-8B4A-11D0-8D11-00A0C91BC942}") = "CoreDll", "CoreDll\CoreDll.vcproj", "{FCA05ED8-8615-4EE1-BBE4-0CE9233BAFAA}"
EndProject
Project("{8BC9CEB8-8B4A-11D0-8D11-00A0C91BC942}") = "BotLoader2", "BotLoader2\BotLoader2.vcproj", "{679E49EA-783A-4D76-B501-3296E5DAD4B4}"
EndProject
Global
	GlobalSection(SolutionConfigurationPlatforms) = preSolution
		Debug|Win32 = Debug|Win32
		Release BK exe|Win32 = Release BK exe|Win32
		Release DEBUGBOT|Win32 = Release DEBUGBOT|Win32
		Release DEBUGCONFIG|Win32 = Release DEBUGCONFIG|Win32
		Release|Win32 = Release|Win32
		Relese AUTOUPDATE|Win32 = Relese AUTOUPDATE|Win32
	EndGlobalSection
	GlobalSection(ProjectConfigurationPlatforms) = postSolution
		{DD76FC18-7D77-4121-A13A-B011D4674059}.Debug|Win32.ActiveCfg = Debug|Win32
		{DD76FC18-7D77-4121-A13A-B011D4674059}.Debug|Win32.Build.0 = Debug|Win32
		{DD76FC18-7D77-4121-A13A-B011D4674059}.Release BK exe|Win32.ActiveCfg = Release DEBUGCONFIG|Win32
		{DD76FC18-7D77-4121-A13A-B011D4674059}.Release BK exe|Win32.Build.0 = Release DEBUGCONFIG|Win32
		{DD76FC18-7D77-4121-A13A-B011D4674059}.Release DEBUGBOT|Win32.ActiveCfg = Release DEBUGBOT|Win32
		{DD76FC18-7D77-4121-A13A-B011D4674059}.Release DEBUGBOT|Win32.Build.0 = Release DEBUGBOT|Win32
		{DD76FC18-7D77-4121-A13A-B011D4674059}.Release DEBUGCONFIG|Win32.ActiveCfg = Release DEBUGCONFIG|Win32
		{DD76FC18-7D77-4121-A13A-B011D4674059}.Release DEBUGCONFIG|Win32.Build.0 = Release DEBUGCONFIG|Win32
		{DD76FC18-7D77-4121-A13A-B011D4674059}.Release|Win32.ActiveCfg = Release|Win32
		{DD76FC18-7D77-4121-A13A-B011D4674059}.Relese AUTOUPDATE|Win32.ActiveCfg = Relese AUTOUPDATE|Win32
		{DD76FC18-7D77-4121-A13A-B011D4674059}.Relese AUTOUPDATE|Win32.Build.0 = Relese AUTOUPDATE|Win32
		{9EE3CD45-66DE-4B2E-9560-E2F4CAF47D11}.Debug|Win32.ActiveCfg = Debug|Win32
		{9EE3CD45-66DE-4B2E-9560-E2F4CAF47D11}.Debug|Win32.Build.0 = Debug|Win32
		{9EE3CD45-66DE-4B2E-9560-E2F4CAF47D11}.Release BK exe|Win32.ActiveCfg = Release DEBUGCONFIG|Win32
		{9EE3CD45-66DE-4B2E-9560-E2F4CAF47D11}.Release BK exe|Win32.Build.0 = Release DEBUGCONFIG|Win32
		{9EE3CD45-66DE-4B2E-9560-E2F4CAF47D11}.Release DEBUGBOT|Win32.ActiveCfg = Release DEBUGBOT|Win32
		{9EE3CD45-66DE-4B2E-9560-E2F4CAF47D11}.Release DEBUGBOT|Win32.Build.0 = Release DEBUGBOT|Win32
		{9EE3CD45-66DE-4B2E-9560-E2F4CAF47D11}.Release DEBUGCONFIG|Win32.ActiveCfg = Release DEBUGCONFIG|Win32
		{9EE3CD45-66DE-4B2E-9560-E2F4CAF47D11}.Release DEBUGCONFIG|Win32.Build.0 = Release DEBUGCONFIG|Win32
		{9EE3CD45-66DE-4B2E-9560-E2F4CAF47D11}.Release|Win32.ActiveCfg = Release|Win32
		{9EE3CD45-66DE-4B2E-9560-E2F4CAF47D11}.Release|Win32.Build.0 = Release|Win32
		{9EE3CD45-66DE-4B2E-9560-E2F4CAF47D11}.Relese AUTOUPDATE|Win32.ActiveCfg = Relese AUTOUPDATE|Win32
		{9EE3CD45-66DE-4B2E-9560-E2F4CAF47D11}.Relese AUTOUPDATE|Win32.Build.0 = Relese AUTOUPDATE|Win32
		{CBEEF453-5BB9-4132-9110-F1F826910756}.Debug|Win32.ActiveCfg = Debug|Win32
		{CBEEF453-5BB9-4132-9110-F1F826910756}.Debug|Win32.Build.0 = Debug|Win32
		{CBEEF453-5BB9-4132-9110-F1F826910756}.Release BK exe|Win32.ActiveCfg = Release DEBUGCONFIG|Win32
		{CBEEF453-5BB9-4132-9110-F1F826910756}.Release BK exe|Win32.Build.0 = Release DEBUGCONFIG|Win32
		{CBEEF453-5BB9-4132-9110-F1F826910756}.Release DEBUGBOT|Win32.ActiveCfg = Release DEBUGBOT|Win32
		{CBEEF453-5BB9-4132-9110-F1F826910756}.Release DEBUGBOT|Win32.Build.0 = Release DEBUGBOT|Win32
		{CBEEF453-5BB9-4132-9110-F1F826910756}.Release DEBUGCONFIG|Win32.ActiveCfg = Release DEBUGCONFIG|Win32
		{CBEEF453-5BB9-4132-9110-F1F826910756}.Release DEBUGCONFIG|Win32.Build.0 = Release DEBUGCONFIG|Win32
		{CBEEF453-5BB9-4132-9110-F1F826910756}.Release|Win32.ActiveCfg = Release|Win32
		{CBEEF453-5BB9-4132-9110-F1F826910756}.Relese AUTOUPDATE|Win32.ActiveCfg = Relese AUTOUPDATE|Win32
		{CBEEF453-5BB9-4132-9110-F1F826910756}.Relese AUTOUPDATE|Win32.Build.0 = Relese AUTOUPDATE|Win32
		{6CA1A86B-0C7E-48F0-9EF9-D2A3DE3B3C8F}.Debug|Win32.ActiveCfg = Debug|Win32
		{6CA1A86B-0C7E-48F0-9EF9-D2A3DE3B3C8F}.Debug|Win32.Build.0 = Debug|Win32
		{6CA1A86B-0C7E-48F0-9EF9-D2A3DE3B3C8F}.Release BK exe|Win32.ActiveCfg = Release DEBUGCONFIG|Win32
		{6CA1A86B-0C7E-48F0-9EF9-D2A3DE3B3C8F}.Release BK exe|Win32.Build.0 = Release DEBUGCONFIG|Win32
		{6CA1A86B-0C7E-48F0-9EF9-D2A3DE3B3C8F}.Release DEBUGBOT|Win32.ActiveCfg = Release DEBUGBOT|Win32
		{6CA1A86B-0C7E-48F0-9EF9-D2A3DE3B3C8F}.Release DEBUGBOT|Win32.Build.0 = Release DEBUGBOT|Win32
		{6CA1A86B-0C7E-48F0-9EF9-D2A3DE3B3C8F}.Release DEBUGCONFIG|Win32.ActiveCfg = Release DEBUGCONFIG|Win32
		{6CA1A86B-0C7E-48F0-9EF9-D2A3DE3B3C8F}.Release DEBUGCONFIG|Win32.Build.0 = Release DEBUGCONFIG|Win32
		{6CA1A86B-0C7E-48F0-9EF9-D2A3DE3B3C8F}.Release|Win32.ActiveCfg = Release|Win32
		{6CA1A86B-0C7E-48F0-9EF9-D2A3DE3B3C8F}.Release|Win32.Build.0 = Release|Win32
		{6CA1A86B-0C7E-48F0-9EF9-D2A3DE3B3C8F}.Relese AUTOUPDATE|Win32.ActiveCfg = Relese AUTOUPDATE|Win32
		{6CA1A86B-0C7E-48F0-9EF9-D2A3DE3B3C8F}.Relese AUTOUPDATE|Win32.Build.0 = Relese AUTOUPDATE|Win32
		{B322A587-B234-4357-B8AB-008F5063E3B6}.Debug|Win32.ActiveCfg = Debug|Win32
		{B322A587-B234-4357-B8AB-008F5063E3B6}.Debug|Win32.Build.0 = Debug|Win32
		{B322A587-B234-4357-B8AB-008F5063E3B6}.Release BK exe|Win32.ActiveCfg = Release DEBUGCONFIG|Win32
		{B322A587-B234-4357-B8AB-008F5063E3B6}.Release BK exe|Win32.Build.0 = Release DEBUGCONFIG|Win32
		{B322A587-B234-4357-B8AB-008F5063E3B6}.Release DEBUGBOT|Win32.ActiveCfg = Release DEBUGBOT|Win32
		{B322A587-B234-4357-B8AB-008F5063E3B6}.Release DEBUGBOT|Win32.Build.0 = Release DEBUGBOT|Win32
		{B322A587-B234-4357-B8AB-008F5063E3B6}.Release DEBUGCONFIG|Win32.ActiveCfg = Release DEBUGCONFIG|Win32
		{B322A587-B234-4357-B8AB-008F5063E3B6}.Release DEBUGCONFIG|Win32.Build.0 = Release DEBUGCONFIG|Win32
		{B322A587-B234-4357-B8AB-008F5063E3B6}.Release|Win32.ActiveCfg = Release|Win32
		{B322A587-B234-4357-B8AB-008F5063E3B6}.Relese AUTOUPDATE|Win32.ActiveCfg = Relese AUTOUPDATE|Win32
		{B322A587-B234-4357-B8AB-008F5063E3B6}.Relese AUTOUPDATE|Win32.Build.0 = Relese AUTOUPDATE|Win32
		{F9D33A48-A14E-4EB0-9C64-CB22ABA3A89D}.Debug|Win32.ActiveCfg = Debug|Win32
		{F9D33A48-A14E-4EB0-9C64-CB22ABA3A89D}.Debug|Win32.Build.0 = Debug|Win32
		{F9D33A48-A14E-4EB0-9C64-CB22ABA3A89D}.Release BK exe|Win32.ActiveCfg = Release DEBUGCONFIG|Win32
		{F9D33A48-A14E-4EB0-9C64-CB22ABA3A89D}.Release BK exe|Win32.Build.0 = Release DEBUGCONFIG|Win32
		{F9D33A48-A14E-4EB0-9C64-CB22ABA3A89D}.Release DEBUGBOT|Win32.ActiveCfg = Release DEBUGBOT|Win32
		{F9D33A48-A14E-4EB0-9C64-CB22ABA3A89D}.Release DEBUGBOT|Win32.Build.0 = Release DEBUGBOT|Win32
		{F9D33A48-A14E-4EB0-9C64-CB22ABA3A89D}.Release DEBUGCONFIG|Win32.ActiveCfg = Release DEBUGCONFIG|Win32
		{F9D33A48-A14E-4EB0-9C64-CB22ABA3A89D}.Release DEBUGCONFIG|Win32.Build.0 = Release DEBUGCONFIG|Win32
		{F9D33A48-A14E-4EB0-9C64-CB22ABA3A89D}.Release|Win32.ActiveCfg = Release|Win32
		{F9D33A48-A14E-4EB0-9C64-CB22ABA3A89D}.Relese AUTOUPDATE|Win32.ActiveCfg = Relese AUTOUPDATE|Win32
		{F9D33A48-A14E-4EB0-9C64-CB22ABA3A89D}.Relese AUTOUPDATE|Win32.Build.0 = Relese AUTOUPDATE|Win32
		{1B8CB3E3-668A-45CD-A264-A0F2ECAB223C}.Debug|Win32.ActiveCfg = Debug|Win32
		{1B8CB3E3-668A-45CD-A264-A0F2ECAB223C}.Debug|Win32.Build.0 = Debug|Win32
		{1B8CB3E3-668A-45CD-A264-A0F2ECAB223C}.Release BK exe|Win32.ActiveCfg = Release DEBUGCONFIG|Win32
		{1B8CB3E3-668A-45CD-A264-A0F2ECAB223C}.Release BK exe|Win32.Build.0 = Release DEBUGCONFIG|Win32
		{1B8CB3E3-668A-45CD-A264-A0F2ECAB223C}.Release DEBUGBOT|Win32.ActiveCfg = Release DEBUGBOT|Win32
		{1B8CB3E3-668A-45CD-A264-A0F2ECAB223C}.Release DEBUGBOT|Win32.Build.0 = Release DEBUGBOT|Win32
		{1B8CB3E3-668A-45CD-A264-A0F2ECAB223C}.Release DEBUGCONFIG|Win32.ActiveCfg = Release DEBUGCONFIG|Win32
		{1B8CB3E3-668A-45CD-A264-A0F2ECAB223C}.Release DEBUGCONFIG|Win32.Build.0 = Release DEBUGCONFIG|Win32
		{1B8CB3E3-668A-45CD-A264-A0F2ECAB223C}.Release|Win32.ActiveCfg = Release|Win32
		{1B8CB3E3-668A-45CD-A264-A0F2ECAB223C}.Relese AUTOUPDATE|Win32.ActiveCfg = Relese AUTOUPDATE|Win32
		{B7547BEB-48B7-4BAE-AA57-2EBE4BEDB450}.Debug|Win32.ActiveCfg = Debug|Win32
		{B7547BEB-48B7-4BAE-AA57-2EBE4BEDB450}.Debug|Win32.Build.0 = Debug|Win32
		{B7547BEB-48B7-4BAE-AA57-2EBE4BEDB450}.Release BK exe|Win32.ActiveCfg = Release DEBUGCONFIG|Win32
		{B7547BEB-48B7-4BAE-AA57-2EBE4BEDB450}.Release BK exe|Win32.Build.0 = Release DEBUGCONFIG|Win32
		{B7547BEB-48B7-4BAE-AA57-2EBE4BEDB450}.Release DEBUGBOT|Win32.ActiveCfg = Release DEBUGCONFIG|Win32
		{B7547BEB-48B7-4BAE-AA57-2EBE4BEDB450}.Release DEBUGBOT|Win32.Build.0 = Release DEBUGCONFIG|Win32
		{B7547BEB-48B7-4BAE-AA57-2EBE4BEDB450}.Release DEBUGCONFIG|Win32.ActiveCfg = Release DEBUGCONFIG|Win32
		{B7547BEB-48B7-4BAE-AA57-2EBE4BEDB450}.Release DEBUGCONFIG|Win32.Build.0 = Release DEBUGCONFIG|Win32
		{B7547BEB-48B7-4BAE-AA57-2EBE4BEDB450}.Release|Win32.ActiveCfg = Release|Win32
		{B7547BEB-48B7-4BAE-AA57-2EBE4BEDB450}.Release|Win32.Build.0 = Release|Win32
		{B7547BEB-48B7-4BAE-AA57-2EBE4BEDB450}.Relese AUTOUPDATE|Win32.ActiveCfg = Relese AUTOUPDATE|Win32
		{B7547BEB-48B7-4BAE-AA57-2EBE4BEDB450}.Relese AUTOUPDATE|Win32.Build.0 = Relese AUTOUPDATE|Win32
		{73638EAF-FFC4-4A1B-8C26-424069D8AE17}.Debug|Win32.ActiveCfg = Debug|Win32
		{73638EAF-FFC4-4A1B-8C26-424069D8AE17}.Debug|Win32.Build.0 = Debug|Win32
		{73638EAF-FFC4-4A1B-8C26-424069D8AE17}.Release BK exe|Win32.ActiveCfg = Release DEBUGCONFIG|Win32
		{73638EAF-FFC4-4A1B-8C26-424069D8AE17}.Release BK exe|Win32.Build.0 = Release DEBUGCONFIG|Win32
		{73638EAF-FFC4-4A1B-8C26-424069D8AE17}.Release DEBUGBOT|Win32.ActiveCfg = Release DEBUGCONFIG|Win32
		{73638EAF-FFC4-4A1B-8C26-424069D8AE17}.Release DEBUGBOT|Win32.Build.0 = Release DEBUGCONFIG|Win32
		{73638EAF-FFC4-4A1B-8C26-424069D8AE17}.Release DEBUGCONFIG|Win32.ActiveCfg = Release DEBUGCONFIG|Win32
		{73638EAF-FFC4-4A1B-8C26-424069D8AE17}.Release DEBUGCONFIG|Win32.Build.0 = Release DEBUGCONFIG|Win32
		{73638EAF-FFC4-4A1B-8C26-424069D8AE17}.Release|Win32.ActiveCfg = Release|Win32
		{73638EAF-FFC4-4A1B-8C26-424069D8AE17}.Relese AUTOUPDATE|Win32.ActiveCfg = Relese AUTOUPDATE|Win32
		{73638EAF-FFC4-4A1B-8C26-424069D8AE17}.Relese AUTOUPDATE|Win32.Build.0 = Relese AUTOUPDATE|Win32
		{1AE7F58C-6FBE-46F2-A80A-737BAF8D81D2}.Debug|Win32.ActiveCfg = Debug|Win32
		{1AE7F58C-6FBE-46F2-A80A-737BAF8D81D2}.Debug|Win32.Build.0 = Debug|Win32
		{1AE7F58C-6FBE-46F2-A80A-737BAF8D81D2}.Release BK exe|Win32.ActiveCfg = Release DEBUGCONFIG|Win32
		{1AE7F58C-6FBE-46F2-A80A-737BAF8D81D2}.Release BK exe|Win32.Build.0 = Release DEBUGCONFIG|Win32
		{1AE7F58C-6FBE-46F2-A80A-737BAF8D81D2}.Release DEBUGBOT|Win32.ActiveCfg = Release DEBUGBOT|Win32
		{1AE7F58C-6FBE-46F2-A80A-737BAF8D81D2}.Release DEBUGBOT|Win32.Build.0 = Release DEBUGBOT|Win32
		{1AE7F58C-6FBE-46F2-A80A-737BAF8D81D2}.Release DEBUGCONFIG|Win32.ActiveCfg = Release DEBUGCONFIG|Win32
		{1AE7F58C-6FBE-46F2-A80A-737BAF8D81D2}.Release DEBUGCONFIG|Win32.Build.0 = Release DEBUGCONFIG|Win32
		{1AE7F58C-6FBE-46F2-A80A-737BAF8D81D2}.Release|Win32.ActiveCfg = Release|Win32
		{1AE7F58C-6FBE-46F2-A80A-737BAF8D81D2}.Release|Win32.Build.0 = Release|Win32
		{1AE7F58C-6FBE-46F2-A80A-737BAF8D81D2}.Relese AUTOUPDATE|Win32.ActiveCfg = Relese AUTOUPDATE|Win32
		{1AE7F58C-6FBE-46F2-A80A-737BAF8D81D2}.Relese AUTOUPDATE|Win32.Build.0 = Relese AUTOUPDATE|Win32
		{AB3EE774-F225-48E4-ACB0-54A509C21973}.Debug|Win32.ActiveCfg = Debug|Win32
		{AB3EE774-F225-48E4-ACB0-54A509C21973}.Debug|Win32.Build.0 = Debug|Win32
		{AB3EE774-F225-48E4-ACB0-54A509C21973}.Release BK exe|Win32.ActiveCfg = Release DEBUGCONFIG|Win32
		{AB3EE774-F225-48E4-ACB0-54A509C21973}.Release BK exe|Win32.Build.0 = Release DEBUGCONFIG|Win32
		{AB3EE774-F225-48E4-ACB0-54A509C21973}.Release DEBUGBOT|Win32.ActiveCfg = Release DEBUGCONFIG|Win32
		{AB3EE774-F225-48E4-ACB0-54A509C21973}.Release DEBUGBOT|Win32.Build.0 = Release DEBUGCONFIG|Win32
		{AB3EE774-F225-48E4-ACB0-54A509C21973}.Release DEBUGCONFIG|Win32.ActiveCfg = Release DEBUGCONFIG|Win32
		{AB3EE774-F225-48E4-ACB0-54A509C21973}.Release DEBUGCONFIG|Win32.Build.0 = Release DEBUGCONFIG|Win32
		{AB3EE774-F225-48E4-ACB0-54A509C21973}.Release|Win32.ActiveCfg = Release|Win32
		{AB3EE774-F225-48E4-ACB0-54A509C21973}.Release|Win32.Build.0 = Release|Win32
		{AB3EE774-F225-48E4-ACB0-54A509C21973}.Relese AUTOUPDATE|Win32.ActiveCfg = Relese AUTOUPDATE|Win32
		{AB3EE774-F225-48E4-ACB0-54A509C21973}.Relese AUTOUPDATE|Win32.Build.0 = Relese AUTOUPDATE|Win32
		{2BB9AD38-0FE9-4E97-B13C-4ADD91022F69}.Debug|Win32.ActiveCfg = Debug|Win32
		{2BB9AD38-0FE9-4E97-B13C-4ADD91022F69}.Debug|Win32.Build.0 = Debug|Win32
		{2BB9AD38-0FE9-4E97-B13C-4ADD91022F69}.Release BK exe|Win32.ActiveCfg = Release BK exe|Win32
		{2BB9AD38-0FE9-4E97-B13C-4ADD91022F69}.Release BK exe|Win32.Build.0 = Release BK exe|Win32
		{2BB9AD38-0FE9-4E97-B13C-4ADD91022F69}.Release DEBUGBOT|Win32.ActiveCfg = Release|Win32
		{2BB9AD38-0FE9-4E97-B13C-4ADD91022F69}.Release DEBUGBOT|Win32.Build.0 = Release|Win32
		{2BB9AD38-0FE9-4E97-B13C-4ADD91022F69}.Release DEBUGCONFIG|Win32.ActiveCfg = Release DEBUGCONFIG|Win32
		{2BB9AD38-0FE9-4E97-B13C-4ADD91022F69}.Release DEBUGCONFIG|Win32.Build.0 = Release DEBUGCONFIG|Win32
		{2BB9AD38-0FE9-4E97-B13C-4ADD91022F69}.Release|Win32.ActiveCfg = Release|Win32
		{2BB9AD38-0FE9-4E97-B13C-4ADD91022F69}.Release|Win32.Build.0 = Release|Win32
		{2BB9AD38-0FE9-4E97-B13C-4ADD91022F69}.Relese AUTOUPDATE|Win32.ActiveCfg = Relese AUTOUPDATE|Win32
		{2BB9AD38-0FE9-4E97-B13C-4ADD91022F69}.Relese AUTOUPDATE|Win32.Build.0 = Relese AUTOUPDATE|Win32
		{57CB0061-ECE9-4CD6-BD43-A7844391DB03}.Debug|Win32.ActiveCfg = Debug|Win32
		{57CB0061-ECE9-4CD6-BD43-A7844391DB03}.Debug|Win32.Build.0 = Debug|Win32
		{57CB0061-ECE9-4CD6-BD43-A7844391DB03}.Release BK exe|Win32.ActiveCfg = Release DEBUGCONFIG|Win32
		{57CB0061-ECE9-4CD6-BD43-A7844391DB03}.Release BK exe|Win32.Build.0 = Release DEBUGCONFIG|Win32
		{57CB0061-ECE9-4CD6-BD43-A7844391DB03}.Release DEBUGBOT|Win32.ActiveCfg = Release DEBUGBOT|Win32
		{57CB0061-ECE9-4CD6-BD43-A7844391DB03}.Release DEBUGBOT|Win32.Build.0 = Release DEBUGBOT|Win32
		{57CB0061-ECE9-4CD6-BD43-A7844391DB03}.Release DEBUGCONFIG|Win32.ActiveCfg = Release DEBUGCONFIG|Win32
		{57CB0061-ECE9-4CD6-BD43-A7844391DB03}.Release DEBUGCONFIG|Win32.Build.0 = Release DEBUGCONFIG|Win32
		{57CB0061-ECE9-4CD6-BD43-A7844391DB03}.Release|Win32.ActiveCfg = Release|Win32
		{57CB0061-ECE9-4CD6-BD43-A7844391DB03}.Release|Win32.Build.0 = Release|Win32
		{57CB0061-ECE9-4CD6-BD43-A7844391DB03}.Relese AUTOUPDATE|Win32.ActiveCfg = Relese AUTOUPDATE|Win32
		{57CB0061-ECE9-4CD6-BD43-A7844391DB03}.Relese AUTOUPDATE|Win32.Build.0 = Relese AUTOUPDATE|Win32
		{C5FA669D-DDC3-45E6-A721-0DA1587E0045}.Debug|Win32.ActiveCfg = Debug|Win32
		{C5FA669D-DDC3-45E6-A721-0DA1587E0045}.Debug|Win32.Build.0 = Debug|Win32
		{C5FA669D-DDC3-45E6-A721-0DA1587E0045}.Release BK exe|Win32.ActiveCfg = Release DEBUGCONFIG|Win32
		{C5FA669D-DDC3-45E6-A721-0DA1587E0045}.Release BK exe|Win32.Build.0 = Release DEBUGCONFIG|Win32
		{C5FA669D-DDC3-45E6-A721-0DA1587E0045}.Release DEBUGBOT|Win32.ActiveCfg = Release DEBUGCONFIG|Win32
		{C5FA669D-DDC3-45E6-A721-0DA1587E0045}.Release DEBUGBOT|Win32.Build.0 = Release DEBUGCONFIG|Win32
		{C5FA669D-DDC3-45E6-A721-0DA1587E0045}.Release DEBUGCONFIG|Win32.ActiveCfg = Release DEBUGCONFIG|Win32
		{C5FA669D-DDC3-45E6-A721-0DA1587E0045}.Release DEBUGCONFIG|Win32.Build.0 = Release DEBUGCONFIG|Win32
		{C5FA669D-DDC3-45E6-A721-0DA1587E0045}.Release|Win32.ActiveCfg = Release|Win32
		{C5FA669D-DDC3-45E6-A721-0DA1587E0045}.Relese AUTOUPDATE|Win32.ActiveCfg = Release DEBUGCONFIG|Win32
		{C5FA669D-DDC3-45E6-A721-0DA1587E0045}.Relese AUTOUPDATE|Win32.Build.0 = Release DEBUGCONFIG|Win32
		{FCA05ED8-8615-4EE1-BBE4-0CE9233BAFAA}.Debug|Win32.ActiveCfg = Debug|Win32
		{FCA05ED8-8615-4EE1-BBE4-0CE9233BAFAA}.Debug|Win32.Build.0 = Debug|Win32
		{FCA05ED8-8615-4EE1-BBE4-0CE9233BAFAA}.Release BK exe|Win32.ActiveCfg = Release DEBUGCONFIG|Win32
		{FCA05ED8-8615-4EE1-BBE4-0CE9233BAFAA}.Release BK exe|Win32.Build.0 = Release DEBUGCONFIG|Win32
		{FCA05ED8-8615-4EE1-BBE4-0CE9233BAFAA}.Release DEBUGBOT|Win32.ActiveCfg = Release DEBUGCONFIG|Win32
		{FCA05ED8-8615-4EE1-BBE4-0CE9233BAFAA}.Release DEBUGBOT|Win32.Build.0 = Release DEBUGCONFIG|Win32
		{FCA05ED8-8615-4EE1-BBE4-0CE9233BAFAA}.Release DEBUGCONFIG|Win32.ActiveCfg = Release DEBUGCONFIG|Win32
		{FCA05ED8-8615-4EE1-BBE4-0CE9233BAFAA}.Release DEBUGCONFIG|Win32.Build.0 = Release DEBUGCONFIG|Win32
		{FCA05ED8-8615-4EE1-BBE4-0CE9233BAFAA}.Release|Win32.ActiveCfg = Release|Win32
		{FCA05ED8-8615-4EE1-BBE4-0CE9233BAFAA}.Relese AUTOUPDATE|Win32.ActiveCfg = Relese AUTOUPDATE|Win32
		{FCA05ED8-8615-4EE1-BBE4-0CE9233BAFAA}.Relese AUTOUPDATE|Win32.Build.0 = Relese AUTOUPDATE|Win32
		{679E49EA-783A-4D76-B501-3296E5DAD4B4}.Debug|Win32.ActiveCfg = Debug|Win32
		{679E49EA-783A-4D76-B501-3296E5DAD4B4}.Debug|Win32.Build.0 = Debug|Win32
		{679E49EA-783A-4D76-B501-3296E5DAD4B4}.Release BK exe|Win32.ActiveCfg = Release DEBUGCONFIG|Win32
		{679E49EA-783A-4D76-B501-3296E5DAD4B4}.Release BK exe|Win32.Build.0 = Release DEBUGCONFIG|Win32
		{679E49EA-783A-4D76-B501-3296E5DAD4B4}.Release DEBUGBOT|Win32.ActiveCfg = Release DEBUGBOT|Win32
		{679E49EA-783A-4D76-B501-3296E5DAD4B4}.Release DEBUGBOT|Win32.Build.0 = Release DEBUGBOT|Win32
		{679E49EA-783A-4D76-B501-3296E5DAD4B4}.Release DEBUGCONFIG|Win32.ActiveCfg = Release DEBUGCONFIG|Win32
		{679E49EA-783A-4D76-B501-3296E5DAD4B4}.Release DEBUGCONFIG|Win32.Build.0 = Release DEBUGCONFIG|Win32
		{679E49EA-783A-4D76-B501-3296E5DAD4B4}.Release|Win32.ActiveCfg = Release|Win32
		{679E49EA-783A-4D76-B501-3296E5DAD4B4}.Release|Win32.Build.0 = Release|Win32
		{679E49EA-783A-4D76-B501-3296E5DAD4B4}.Relese AUTOUPDATE|Win32.ActiveCfg = Relese AUTOUPDATE|Win32
		{679E49EA-783A-4D76-B501-3296E5DAD4B4}.Relese AUTOUPDATE|Win32.Build.0 = Relese AUTOUPDATE|Win32
	EndGlobalSection
	GlobalSection(SolutionProperties) = preSolution
		HideSolutionNode = FALSE
	EndGlobalSection
EndGlobal
